
Microsoft Visual Studio Solution File, Format Version 12.00
# Visual Studio Version 17
VisualStudioVersion = 17.3.32901.215
MinimumVisualStudioVersion = 10.0.40219.1
Project("{9A19103F-16F7-4668-BE54-9A1E7A4F7556}") = "Tester", "Tester\Tester.csproj", "{65078184-A236-4B75-8327-FB68D3A4CA6D}"
EndProject
Project("{9A19103F-16F7-4668-BE54-9A1E7A4F7556}") = "BusinessLogic", "BusinessLogic\BusinessLogic.csproj", "{9266C096-1171-4353-B77B-0A4AEC648BBE}"
EndProject
Project("{9A19103F-16F7-4668-BE54-9A1E7A4F7556}") = "GoodReadsAPI", "GoodReadsAPI\GoodReadsAPI.csproj", "{730B707B-EF65-4862-B4D9-8E5DEC675C72}"
EndProject
Project("{9A19103F-16F7-4668-BE54-9A1E7A4F7556}") = "DatabaseService", "DatabaseService\DatabaseService.csproj", "{BE930BC0-DA8F-4295-8A8D-A2872103D45A}"
EndProject
Global
	GlobalSection(SolutionConfigurationPlatforms) = preSolution
		Debug|Any CPU = Debug|Any CPU
		Release|Any CPU = Release|Any CPU
	EndGlobalSection
	GlobalSection(ProjectConfigurationPlatforms) = postSolution
		{65078184-A236-4B75-8327-FB68D3A4CA6D}.Debug|Any CPU.ActiveCfg = Debug|Any CPU
		{65078184-A236-4B75-8327-FB68D3A4CA6D}.Debug|Any CPU.Build.0 = Debug|Any CPU
		{65078184-A236-4B75-8327-FB68D3A4CA6D}.Release|Any CPU.ActiveCfg = Release|Any CPU
		{65078184-A236-4B75-8327-FB68D3A4CA6D}.Release|Any CPU.Build.0 = Release|Any CPU
		{9266C096-1171-4353-B77B-0A4AEC648BBE}.Debug|Any CPU.ActiveCfg = Debug|Any CPU
		{9266C096-1171-4353-B77B-0A4AEC648BBE}.Debug|Any CPU.Build.0 = Debug|Any CPU
		{9266C096-1171-4353-B77B-0A4AEC648BBE}.Release|Any CPU.ActiveCfg = Release|Any CPU
		{9266C096-1171-4353-B77B-0A4AEC648BBE}.Release|Any CPU.Build.0 = Release|Any CPU
		{730B707B-EF65-4862-B4D9-8E5DEC675C72}.Debug|Any CPU.ActiveCfg = Debug|Any CPU
		{730B707B-EF65-4862-B4D9-8E5DEC675C72}.Debug|Any CPU.Build.0 = Debug|Any CPU
		{730B707B-EF65-4862-B4D9-8E5DEC675C72}.Release|Any CPU.ActiveCfg = Release|Any CPU
		{730B707B-EF65-4862-B4D9-8E5DEC675C72}.Release|Any CPU.Build.0 = Release|Any CPU
		{BE930BC0-DA8F-4295-8A8D-A2872103D45A}.Debug|Any CPU.ActiveCfg = Debug|Any CPU
		{BE930BC0-DA8F-4295-8A8D-A2872103D45A}.Debug|Any CPU.Build.0 = Debug|Any CPU
		{BE930BC0-DA8F-4295-8A8D-A2872103D45A}.Release|Any CPU.ActiveCfg = Release|Any CPU
		{BE930BC0-DA8F-4295-8A8D-A2872103D45A}.Release|Any CPU.Build.0 = Release|Any CPU
	EndGlobalSection
	GlobalSection(SolutionProperties) = preSolution
		HideSolutionNode = FALSE
	EndGlobalSection
	GlobalSection(ExtensibilityGlobals) = postSolution
		SolutionGuid = {C6CC4DC0-0196-4813-8525-2F20C9723B9C}
	EndGlobalSection
EndGlobal
